
Microsoft Visual Studio Solution File, Format Version 12.00
# Visual Studio Version 17
VisualStudioVersion = 17.10.35013.160
MinimumVisualStudioVersion = 10.0.40219.1
Project("{9A19103F-16F7-4668-BE54-9A1E7A4F7556}") = "Rentbook", "Rentbook.csproj", "{A13889A0-33C1-4E7D-93C5-0892EE88BC45}"
EndProject
Global
	GlobalSection(SolutionConfigurationPlatforms) = preSolution
		Debug|Any CPU = Debug|Any CPU
		Release|Any CPU = Release|Any CPU
	EndGlobalSection
	GlobalSection(ProjectConfigurationPlatforms) = postSolution
		{A13889A0-33C1-4E7D-93C5-0892EE88BC45}.Debug|Any CPU.ActiveCfg = Debug|Any CPU
		{A13889A0-33C1-4E7D-93C5-0892EE88BC45}.Debug|Any CPU.Build.0 = Debug|Any CPU
		{A13889A0-33C1-4E7D-93C5-0892EE88BC45}.Release|Any CPU.ActiveCfg = Release|Any CPU
		{A13889A0-33C1-4E7D-93C5-0892EE88BC45}.Release|Any CPU.Build.0 = Release|Any CPU
	EndGlobalSection
	GlobalSection(SolutionProperties) = preSolution
		HideSolutionNode = FALSE
	EndGlobalSection
	GlobalSection(ExtensibilityGlobals) = postSolution
		SolutionGuid = {7174AF55-2574-4E9B-BBD3-2D484E026B29}
	EndGlobalSection
EndGlobal
